
Microsoft Visual Studio Solution File, Format Version 12.00
# Visual Studio Version 17
VisualStudioVersion = 17.5.2.0
MinimumVisualStudioVersion = 10.0.40219.1
Project("{2150E333-8FDC-42A3-9474-1A3956D46DE8}") = "CrudPessoas.Api", "CrudPessoas.Api", "{90698189-3147-4B75-B870-DAF9382AB785}"
EndProject
Project("{2150E333-8FDC-42A3-9474-1A3956D46DE8}") = "src", "src", "{6A86DFDE-4ABD-4472-B559-CAE128857F84}"
EndProject
Project("{FAE04EC0-301F-11D3-BF4B-00C04F79EFBC}") = "CrudPessoas", "CrudPessoas.Api\src\CrudPessoas\CrudPessoas.csproj", "{309D7265-7F6A-416A-8E6C-2A1A6AD247D5}"
EndProject
Global
	GlobalSection(SolutionConfigurationPlatforms) = preSolution
		Debug|Any CPU = Debug|Any CPU
		Release|Any CPU = Release|Any CPU
	EndGlobalSection
	GlobalSection(SolutionProperties) = preSolution
		HideSolutionNode = FALSE
	EndGlobalSection
	GlobalSection(ExtensibilityGlobals) = postSolution
		SolutionGuid = {3E417106-E3A0-4705-92E8-9717142D267B}
	EndGlobalSection
	GlobalSection(ProjectConfigurationPlatforms) = postSolution
		{309D7265-7F6A-416A-8E6C-2A1A6AD247D5}.Debug|Any CPU.ActiveCfg = Debug|Any CPU
		{309D7265-7F6A-416A-8E6C-2A1A6AD247D5}.Debug|Any CPU.Build.0 = Debug|Any CPU
		{309D7265-7F6A-416A-8E6C-2A1A6AD247D5}.Release|Any CPU.ActiveCfg = Release|Any CPU
		{309D7265-7F6A-416A-8E6C-2A1A6AD247D5}.Release|Any CPU.Build.0 = Release|Any CPU
	EndGlobalSection
	GlobalSection(NestedProjects) = preSolution
		{6A86DFDE-4ABD-4472-B559-CAE128857F84} = {90698189-3147-4B75-B870-DAF9382AB785}
		{309D7265-7F6A-416A-8E6C-2A1A6AD247D5} = {6A86DFDE-4ABD-4472-B559-CAE128857F84}
	EndGlobalSection
EndGlobal
